// !$*UTF8*$!
{
	archiveVersion = 1;
	classes = {
	};
	objectVersion = 56;
	objects = {

/* Begin PBXBuildFile section */
		816AA8B12B7CEC120062FC40 /* AppDelegate.swift in Sources */ = {isa = PBXBuildFile; fileRef = 816AA8B02B7CEC120062FC40 /* AppDelegate.swift */; };
		816AA8B32B7CEC120062FC40 /* SceneDelegate.swift in Sources */ = {isa = PBXBuildFile; fileRef = 816AA8B22B7CEC120062FC40 /* SceneDelegate.swift */; };
		816AA8B52B7CEC120062FC40 /* ViewController.swift in Sources */ = {isa = PBXBuildFile; fileRef = 816AA8B42B7CEC120062FC40 /* ViewController.swift */; };
		816AA8B82B7CEC120062FC40 /* Main.storyboard in Resources */ = {isa = PBXBuildFile; fileRef = 816AA8B62B7CEC120062FC40 /* Main.storyboard */; };
		816AA8BA2B7CEC130062FC40 /* Assets.xcassets in Resources */ = {isa = PBXBuildFile; fileRef = 816AA8B92B7CEC130062FC40 /* Assets.xcassets */; };
		816AA8BD2B7CEC130062FC40 /* LaunchScreen.storyboard in Resources */ = {isa = PBXBuildFile; fileRef = 816AA8BB2B7CEC130062FC40 /* LaunchScreen.storyboard */; };
		816AA8C62B7CECA30062FC40 /* ViewController.swift in Sources */ = {isa = PBXBuildFile; fileRef = 816AA8B42B7CEC120062FC40 /* ViewController.swift */; };
		816AA8C72B7CECA30062FC40 /* AppDelegate.swift in Sources */ = {isa = PBXBuildFile; fileRef = 816AA8B02B7CEC120062FC40 /* AppDelegate.swift */; };
		816AA8C82B7CECA30062FC40 /* SceneDelegate.swift in Sources */ = {isa = PBXBuildFile; fileRef = 816AA8B22B7CEC120062FC40 /* SceneDelegate.swift */; };
		816AA8CB2B7CECA30062FC40 /* LaunchScreen.storyboard in Resources */ = {isa = PBXBuildFile; fileRef = 816AA8BB2B7CEC130062FC40 /* LaunchScreen.storyboard */; };
		816AA8CC2B7CECA30062FC40 /* Assets.xcassets in Resources */ = {isa = PBXBuildFile; fileRef = 816AA8B92B7CEC130062FC40 /* Assets.xcassets */; };
		816AA8CD2B7CECA30062FC40 /* Main.storyboard in Resources */ = {isa = PBXBuildFile; fileRef = 816AA8B62B7CEC120062FC40 /* Main.storyboard */; };
/* End PBXBuildFile section */

/* Begin PBXFileReference section */
		816AA8AD2B7CEC120062FC40 /* Cyan.app */ = {isa = PBXFileReference; explicitFileType = wrapper.application; includeInIndex = 0; path = Cyan.app; sourceTree = BUILT_PRODUCTS_DIR; };
		816AA8B02B7CEC120062FC40 /* AppDelegate.swift */ = {isa = PBXFileReference; lastKnownFileType = sourcecode.swift; path = AppDelegate.swift; sourceTree = "<group>"; };
		816AA8B22B7CEC120062FC40 /* SceneDelegate.swift */ = {isa = PBXFileReference; lastKnownFileType = sourcecode.swift; path = SceneDelegate.swift; sourceTree = "<group>"; };
		816AA8B42B7CEC120062FC40 /* ViewController.swift */ = {isa = PBXFileReference; lastKnownFileType = sourcecode.swift; path = ViewController.swift; sourceTree = "<group>"; };
		816AA8B72B7CEC120062FC40 /* Base */ = {isa = PBXFileReference; lastKnownFileType = file.storyboard; name = Base; path = Base.lproj/Main.storyboard; sourceTree = "<group>"; };
		816AA8B92B7CEC130062FC40 /* Assets.xcassets */ = {isa = PBXFileReference; lastKnownFileType = folder.assetcatalog; path = Assets.xcassets; sourceTree = "<group>"; };
		816AA8BC2B7CEC130062FC40 /* Base */ = {isa = PBXFileReference; lastKnownFileType = file.storyboard; name = Base; path = Base.lproj/LaunchScreen.storyboard; sourceTree = "<group>"; };
		816AA8BE2B7CEC130062FC40 /* Info.plist */ = {isa = PBXFileReference; lastKnownFileType = text.plist.xml; path = Info.plist; sourceTree = "<group>"; };
		816AA8D12B7CECA30062FC40 /* Yellow.app */ = {isa = PBXFileReference; explicitFileType = wrapper.application; includeInIndex = 0; path = Yellow.app; sourceTree = BUILT_PRODUCTS_DIR; };
		816AA8D22B7CECA30062FC40 /* White-Label-Demo copy-Info.plist */ = {isa = PBXFileReference; lastKnownFileType = text.plist.xml; name = "White-Label-Demo copy-Info.plist"; path = "/Users/sahilamrutagashe/Documents/iOS Development/Sahil Agashe Github /White-Label-Demo/White-Label-Demo copy-Info.plist"; sourceTree = "<absolute>"; };
/* End PBXFileReference section */

/* Begin PBXFrameworksBuildPhase section */
		816AA8AA2B7CEC120062FC40 /* Frameworks */ = {
			isa = PBXFrameworksBuildPhase;
			buildActionMask = 2147483647;
			files = (
			);
			runOnlyForDeploymentPostprocessing = 0;
		};
		816AA8C92B7CECA30062FC40 /* Frameworks */ = {
			isa = PBXFrameworksBuildPhase;
			buildActionMask = 2147483647;
			files = (
			);
			runOnlyForDeploymentPostprocessing = 0;
		};
/* End PBXFrameworksBuildPhase section */

/* Begin PBXGroup section */
		816AA8A42B7CEC120062FC40 = {
			isa = PBXGroup;
			children = (
				816AA8AF2B7CEC120062FC40 /* White-Label-Demo */,
				816AA8AE2B7CEC120062FC40 /* Products */,
				816AA8D22B7CECA30062FC40 /* White-Label-Demo copy-Info.plist */,
			);
			sourceTree = "<group>";
		};
		816AA8AE2B7CEC120062FC40 /* Products */ = {
			isa = PBXGroup;
			children = (
				816AA8AD2B7CEC120062FC40 /* Cyan.app */,
				816AA8D12B7CECA30062FC40 /* Yellow.app */,
			);
			name = Products;
			sourceTree = "<group>";
		};
		816AA8AF2B7CEC120062FC40 /* White-Label-Demo */ = {
			isa = PBXGroup;
			children = (
				816AA8B02B7CEC120062FC40 /* AppDelegate.swift */,
				816AA8B22B7CEC120062FC40 /* SceneDelegate.swift */,
				816AA8B42B7CEC120062FC40 /* ViewController.swift */,
				816AA8B62B7CEC120062FC40 /* Main.storyboard */,
				816AA8B92B7CEC130062FC40 /* Assets.xcassets */,
				816AA8BB2B7CEC130062FC40 /* LaunchScreen.storyboard */,
				816AA8BE2B7CEC130062FC40 /* Info.plist */,
			);
			path = "White-Label-Demo";
			sourceTree = "<group>";
		};
/* End PBXGroup section */

/* Begin PBXNativeTarget section */
		816AA8AC2B7CEC120062FC40 /* Cyan */ = {
			isa = PBXNativeTarget;
			buildConfigurationList = 816AA8C12B7CEC130062FC40 /* Build configuration list for PBXNativeTarget "Cyan" */;
			buildPhases = (
				816AA8A92B7CEC120062FC40 /* Sources */,
				816AA8AA2B7CEC120062FC40 /* Frameworks */,
				816AA8AB2B7CEC120062FC40 /* Resources */,
			);
			buildRules = (
			);
			dependencies = (
			);
			name = Cyan;
			productName = "White-Label-Demo";
			productReference = 816AA8AD2B7CEC120062FC40 /* Cyan.app */;
			productType = "com.apple.product-type.application";
		};
		816AA8C42B7CECA30062FC40 /* Yellow */ = {
			isa = PBXNativeTarget;
			buildConfigurationList = 816AA8CE2B7CECA30062FC40 /* Build configuration list for PBXNativeTarget "Yellow" */;
			buildPhases = (
				816AA8C52B7CECA30062FC40 /* Sources */,
				816AA8C92B7CECA30062FC40 /* Frameworks */,
				816AA8CA2B7CECA30062FC40 /* Resources */,
			);
			buildRules = (
			);
			dependencies = (
			);
			name = Yellow;
			productName = "White-Label-Demo";
			productReference = 816AA8D12B7CECA30062FC40 /* Yellow.app */;
			productType = "com.apple.product-type.application";
		};
/* End PBXNativeTarget section */

/* Begin PBXProject section */
		816AA8A52B7CEC120062FC40 /* Project object */ = {
			isa = PBXProject;
			attributes = {
				BuildIndependentTargetsInParallel = 1;
				LastSwiftUpdateCheck = 1500;
				LastUpgradeCheck = 1500;
				TargetAttributes = {
					816AA8AC2B7CEC120062FC40 = {
						CreatedOnToolsVersion = 15.0.1;
					};
				};
			};
			buildConfigurationList = 816AA8A82B7CEC120062FC40 /* Build configuration list for PBXProject "White-Label-Demo" */;
			compatibilityVersion = "Xcode 14.0";
			developmentRegion = en;
			hasScannedForEncodings = 0;
			knownRegions = (
				en,
				Base,
			);
			mainGroup = 816AA8A42B7CEC120062FC40;
			productRefGroup = 816AA8AE2B7CEC120062FC40 /* Products */;
			projectDirPath = "";
			projectRoot = "";
			targets = (
				816AA8AC2B7CEC120062FC40 /* Cyan */,
				816AA8C42B7CECA30062FC40 /* Yellow */,
			);
		};
/* End PBXProject section */

/* Begin PBXResourcesBuildPhase section */
		816AA8AB2B7CEC120062FC40 /* Resources */ = {
			isa = PBXResourcesBuildPhase;
			buildActionMask = 2147483647;
			files = (
				816AA8BD2B7CEC130062FC40 /* LaunchScreen.storyboard in Resources */,
				816AA8BA2B7CEC130062FC40 /* Assets.xcassets in Resources */,
				816AA8B82B7CEC120062FC40 /* Main.storyboard in Resources */,
			);
			runOnlyForDeploymentPostprocessing = 0;
		};
		816AA8CA2B7CECA30062FC40 /* Resources */ = {
			isa = PBXResourcesBuildPhase;
			buildActionMask = 2147483647;
			files = (
				816AA8CB2B7CECA30062FC40 /* LaunchScreen.storyboard in Resources */,
				816AA8CC2B7CECA30062FC40 /* Assets.xcassets in Resources */,
				816AA8CD2B7CECA30062FC40 /* Main.storyboard in Resources */,
			);
			runOnlyForDeploymentPostprocessing = 0;
		};
/* End PBXResourcesBuildPhase section */

/* Begin PBXSourcesBuildPhase section */
		816AA8A92B7CEC120062FC40 /* Sources */ = {
			isa = PBXSourcesBuildPhase;
			buildActionMask = 2147483647;
			files = (
				816AA8B52B7CEC120062FC40 /* ViewController.swift in Sources */,
				816AA8B12B7CEC120062FC40 /* AppDelegate.swift in Sources */,
				816AA8B32B7CEC120062FC40 /* SceneDelegate.swift in Sources */,
			);
			runOnlyForDeploymentPostprocessing = 0;
		};
		816AA8C52B7CECA30062FC40 /* Sources */ = {
			isa = PBXSourcesBuildPhase;
			buildActionMask = 2147483647;
			files = (
				816AA8C62B7CECA30062FC40 /* ViewController.swift in Sources */,
				816AA8C72B7CECA30062FC40 /* AppDelegate.swift in Sources */,
				816AA8C82B7CECA30062FC40 /* SceneDelegate.swift in Sources */,
			);
			runOnlyForDeploymentPostprocessing = 0;
		};
/* End PBXSourcesBuildPhase section */

/* Begin PBXVariantGroup section */
		816AA8B62B7CEC120062FC40 /* Main.storyboard */ = {
			isa = PBXVariantGroup;
			children = (
				816AA8B72B7CEC120062FC40 /* Base */,
			);
			name = Main.storyboard;
			sourceTree = "<group>";
		};
		816AA8BB2B7CEC130062FC40 /* LaunchScreen.storyboard */ = {
			isa = PBXVariantGroup;
			children = (
				816AA8BC2B7CEC130062FC40 /* Base */,
			);
			name = LaunchScreen.storyboard;
			sourceTree = "<group>";
		};
/* End PBXVariantGroup section */

/* Begin XCBuildConfiguration section */
		816AA8BF2B7CEC130062FC40 /* Debug */ = {
			isa = XCBuildConfiguration;
			buildSettings = {
				ALWAYS_SEARCH_USER_PATHS = NO;
				ASSETCATALOG_COMPILER_GENERATE_SWIFT_ASSET_SYMBOL_EXTENSIONS = YES;
				CLANG_ANALYZER_NONNULL = YES;
				CLANG_ANALYZER_NUMBER_OBJECT_CONVERSION = YES_AGGRESSIVE;
				CLANG_CXX_LANGUAGE_STANDARD = "gnu++20";
				CLANG_ENABLE_MODULES = YES;
				CLANG_ENABLE_OBJC_ARC = YES;
				CLANG_ENABLE_OBJC_WEAK = YES;
				CLANG_WARN_BLOCK_CAPTURE_AUTORELEASING = YES;
				CLANG_WARN_BOOL_CONVERSION = YES;
				CLANG_WARN_COMMA = YES;
				CLANG_WARN_CONSTANT_CONVERSION = YES;
				CLANG_WARN_DEPRECATED_OBJC_IMPLEMENTATIONS = YES;
				CLANG_WARN_DIRECT_OBJC_ISA_USAGE = YES_ERROR;
				CLANG_WARN_DOCUMENTATION_COMMENTS = YES;
				CLANG_WARN_EMPTY_BODY = YES;
				CLANG_WARN_ENUM_CONVERSION = YES;
				CLANG_WARN_INFINITE_RECURSION = YES;
				CLANG_WARN_INT_CONVERSION = YES;
				CLANG_WARN_NON_LITERAL_NULL_CONVERSION = YES;
				CLANG_WARN_OBJC_IMPLICIT_RETAIN_SELF = YES;
				CLANG_WARN_OBJC_LITERAL_CONVERSION = YES;
				CLANG_WARN_OBJC_ROOT_CLASS = YES_ERROR;
				CLANG_WARN_QUOTED_INCLUDE_IN_FRAMEWORK_HEADER = YES;
				CLANG_WARN_RANGE_LOOP_ANALYSIS = YES;
				CLANG_WARN_STRICT_PROTOTYPES = YES;
				CLANG_WARN_SUSPICIOUS_MOVE = YES;
				CLANG_WARN_UNGUARDED_AVAILABILITY = YES_AGGRESSIVE;
				CLANG_WARN_UNREACHABLE_CODE = YES;
				CLANG_WARN__DUPLICATE_METHOD_MATCH = YES;
				COPY_PHASE_STRIP = NO;
				DEBUG_INFORMATION_FORMAT = dwarf;
				ENABLE_STRICT_OBJC_MSGSEND = YES;
				ENABLE_TESTABILITY = YES;
				ENABLE_USER_SCRIPT_SANDBOXING = YES;
				GCC_C_LANGUAGE_STANDARD = gnu17;
				GCC_DYNAMIC_NO_PIC = NO;
				GCC_NO_COMMON_BLOCKS = YES;
				GCC_OPTIMIZATION_LEVEL = 0;
				GCC_PREPROCESSOR_DEFINITIONS = (
					"DEBUG=1",
					"$(inherited)",
				);
				GCC_WARN_64_TO_32_BIT_CONVERSION = YES;
				GCC_WARN_ABOUT_RETURN_TYPE = YES_ERROR;
				GCC_WARN_UNDECLARED_SELECTOR = YES;
				GCC_WARN_UNINITIALIZED_AUTOS = YES_AGGRESSIVE;
				GCC_WARN_UNUSED_FUNCTION = YES;
				GCC_WARN_UNUSED_VARIABLE = YES;
				IPHONEOS_DEPLOYMENT_TARGET = 17.0;
				LOCALIZATION_PREFERS_STRING_CATALOGS = YES;
				MTL_ENABLE_DEBUG_INFO = INCLUDE_SOURCE;
				MTL_FAST_MATH = YES;
				ONLY_ACTIVE_ARCH = YES;
				SDKROOT = iphoneos;
				SWIFT_ACTIVE_COMPILATION_CONDITIONS = "DEBUG $(inherited)";
				SWIFT_OPTIMIZATION_LEVEL = "-Onone";
			};
			name = Debug;
		};
		816AA8C02B7CEC130062FC40 /* Release */ = {
			isa = XCBuildConfiguration;
			buildSettings = {
				ALWAYS_SEARCH_USER_PATHS = NO;
				ASSETCATALOG_COMPILER_GENERATE_SWIFT_ASSET_SYMBOL_EXTENSIONS = YES;
				CLANG_ANALYZER_NONNULL = YES;
				CLANG_ANALYZER_NUMBER_OBJECT_CONVERSION = YES_AGGRESSIVE;
				CLANG_CXX_LANGUAGE_STANDARD = "gnu++20";
				CLANG_ENABLE_MODULES = YES;
				CLANG_ENABLE_OBJC_ARC = YES;
				CLANG_ENABLE_OBJC_WEAK = YES;
				CLANG_WARN_BLOCK_CAPTURE_AUTORELEASING = YES;
				CLANG_WARN_BOOL_CONVERSION = YES;
				CLANG_WARN_COMMA = YES;
				CLANG_WARN_CONSTANT_CONVERSION = YES;
				CLANG_WARN_DEPRECATED_OBJC_IMPLEMENTATIONS = YES;
				CLANG_WARN_DIRECT_OBJC_ISA_USAGE = YES_ERROR;
				CLANG_WARN_DOCUMENTATION_COMMENTS = YES;
				CLANG_WARN_EMPTY_BODY = YES;
				CLANG_WARN_ENUM_CONVERSION = YES;
				CLANG_WARN_INFINITE_RECURSION = YES;
				CLANG_WARN_INT_CONVERSION = YES;
				CLANG_WARN_NON_LITERAL_NULL_CONVERSION = YES;
				CLANG_WARN_OBJC_IMPLICIT_RETAIN_SELF = YES;
				CLANG_WARN_OBJC_LITERAL_CONVERSION = YES;
				CLANG_WARN_OBJC_ROOT_CLASS = YES_ERROR;
				CLANG_WARN_QUOTED_INCLUDE_IN_FRAMEWORK_HEADER = YES;
				CLANG_WARN_RANGE_LOOP_ANALYSIS = YES;
				CLANG_WARN_STRICT_PROTOTYPES = YES;
				CLANG_WARN_SUSPICIOUS_MOVE = YES;
				CLANG_WARN_UNGUARDED_AVAILABILITY = YES_AGGRESSIVE;
				CLANG_WARN_UNREACHABLE_CODE = YES;
				CLANG_WARN__DUPLICATE_METHOD_MATCH = YES;
				COPY_PHASE_STRIP = NO;
				DEBUG_INFORMATION_FORMAT = "dwarf-with-dsym";
				ENABLE_NS_ASSERTIONS = NO;
				ENABLE_STRICT_OBJC_MSGSEND = YES;
				ENABLE_USER_SCRIPT_SANDBOXING = YES;
				GCC_C_LANGUAGE_STANDARD = gnu17;
				GCC_NO_COMMON_BLOCKS = YES;
				GCC_WARN_64_TO_32_BIT_CONVERSION = YES;
				GCC_WARN_ABOUT_RETURN_TYPE = YES_ERROR;
				GCC_WARN_UNDECLARED_SELECTOR = YES;
				GCC_WARN_UNINITIALIZED_AUTOS = YES_AGGRESSIVE;
				GCC_WARN_UNUSED_FUNCTION = YES;
				GCC_WARN_UNUSED_VARIABLE = YES;
				IPHONEOS_DEPLOYMENT_TARGET = 17.0;
				LOCALIZATION_PREFERS_STRING_CATALOGS = YES;
				MTL_ENABLE_DEBUG_INFO = NO;
				MTL_FAST_MATH = YES;
				SDKROOT = iphoneos;
				SWIFT_COMPILATION_MODE = wholemodule;
				VALIDATE_PRODUCT = YES;
			};
			name = Release;
		};
		816AA8C22B7CEC130062FC40 /* Debug */ = {
			isa = XCBuildConfiguration;
			buildSettings = {
				ASSETCATALOG_COMPILER_APPICON_NAME = AppIcon;
				ASSETCATALOG_COMPILER_GLOBAL_ACCENT_COLOR_NAME = AccentColor;
				CODE_SIGN_STYLE = Automatic;
				CURRENT_PROJECT_VERSION = 1;
				DEVELOPMENT_TEAM = 4CJW76Y9FL;
				GENERATE_INFOPLIST_FILE = YES;
				INFOPLIST_FILE = "White-Label-Demo/Info.plist";
				INFOPLIST_KEY_CFBundleDisplayName = Cyan;
				INFOPLIST_KEY_UIApplicationSupportsIndirectInputEvents = YES;
				INFOPLIST_KEY_UILaunchStoryboardName = LaunchScreen;
				INFOPLIST_KEY_UIMainStoryboardFile = Main;
				INFOPLIST_KEY_UISupportedInterfaceOrientations_iPad = "UIInterfaceOrientationPortrait UIInterfaceOrientationPortraitUpsideDown UIInterfaceOrientationLandscapeLeft UIInterfaceOrientationLandscapeRight";
				INFOPLIST_KEY_UISupportedInterfaceOrientations_iPhone = "UIInterfaceOrientationPortrait UIInterfaceOrientationLandscapeLeft UIInterfaceOrientationLandscapeRight";
				LD_RUNPATH_SEARCH_PATHS = (
					"$(inherited)",
					"@executable_path/Frameworks",
				);
				MARKETING_VERSION = 15.0;
				PRODUCT_BUNDLE_IDENTIFIER = Sahil.Amrut.Agashe.com.Cyan;
				PRODUCT_NAME = "$(TARGET_NAME)";
				SWIFT_EMIT_LOC_STRINGS = YES;
				SWIFT_VERSION = 5.0;
				TARGETED_DEVICE_FAMILY = "1,2";
			};
			name = Debug;
		};
		816AA8C32B7CEC130062FC40 /* Release */ = {
			isa = XCBuildConfiguration;
			buildSettings = {
				ASSETCATALOG_COMPILER_APPICON_NAME = AppIcon;
				ASSETCATALOG_COMPILER_GLOBAL_ACCENT_COLOR_NAME = AccentColor;
				CODE_SIGN_STYLE = Automatic;
				CURRENT_PROJECT_VERSION = 1;
				DEVELOPMENT_TEAM = 4CJW76Y9FL;
				GENERATE_INFOPLIST_FILE = YES;
				INFOPLIST_FILE = "White-Label-Demo/Info.plist";
				INFOPLIST_KEY_CFBundleDisplayName = Cyan;
				INFOPLIST_KEY_UIApplicationSupportsIndirectInputEvents = YES;
				INFOPLIST_KEY_UILaunchStoryboardName = LaunchScreen;
				INFOPLIST_KEY_UIMainStoryboardFile = Main;
				INFOPLIST_KEY_UISupportedInterfaceOrientations_iPad = "UIInterfaceOrientationPortrait UIInterfaceOrientationPortraitUpsideDown UIInterfaceOrientationLandscapeLeft UIInterfaceOrientationLandscapeRight";
				INFOPLIST_KEY_UISupportedInterfaceOrientations_iPhone = "UIInterfaceOrientationPortrait UIInterfaceOrientationLandscapeLeft UIInterfaceOrientationLandscapeRight";
				LD_RUNPATH_SEARCH_PATHS = (
					"$(inherited)",
					"@executable_path/Frameworks",
				);
				MARKETING_VERSION = 15.0;
				PRODUCT_BUNDLE_IDENTIFIER = Sahil.Amrut.Agashe.com.Cyan;
				PRODUCT_NAME = "$(TARGET_NAME)";
				SWIFT_EMIT_LOC_STRINGS = YES;
				SWIFT_VERSION = 5.0;
				TARGETED_DEVICE_FAMILY = "1,2";
			};
			name = Release;
		};
		816AA8CF2B7CECA30062FC40 /* Debug */ = {
			isa = XCBuildConfiguration;
			buildSettings = {
				ASSETCATALOG_COMPILER_APPICON_NAME = AppIcon;
				ASSETCATALOG_COMPILER_GLOBAL_ACCENT_COLOR_NAME = AccentColor;
				CODE_SIGN_STYLE = Automatic;
				CURRENT_PROJECT_VERSION = 1;
				DEVELOPMENT_TEAM = 4CJW76Y9FL;
				GENERATE_INFOPLIST_FILE = YES;
				INFOPLIST_FILE = "White-Label-Demo copy-Info.plist";
				INFOPLIST_KEY_CFBundleDisplayName = Yellow;
				INFOPLIST_KEY_UIApplicationSupportsIndirectInputEvents = YES;
				INFOPLIST_KEY_UILaunchStoryboardName = LaunchScreen;
				INFOPLIST_KEY_UIMainStoryboardFile = Main;
				INFOPLIST_KEY_UISupportedInterfaceOrientations_iPad = "UIInterfaceOrientationPortrait UIInterfaceOrientationPortraitUpsideDown UIInterfaceOrientationLandscapeLeft UIInterfaceOrientationLandscapeRight";
				INFOPLIST_KEY_UISupportedInterfaceOrientations_iPhone = "UIInterfaceOrientationPortrait UIInterfaceOrientationLandscapeLeft UIInterfaceOrientationLandscapeRight";
				LD_RUNPATH_SEARCH_PATHS = (
					"$(inherited)",
					"@executable_path/Frameworks",
				);
				MARKETING_VERSION = 20.0;
				PRODUCT_BUNDLE_IDENTIFIER = Sahil.Amrut.Agashe.com.Yellow;
				PRODUCT_NAME = "$(TARGET_NAME)";
				SWIFT_EMIT_LOC_STRINGS = YES;
				SWIFT_VERSION = 5.0;
				TARGETED_DEVICE_FAMILY = "1,2";
			};
			name = Debug;
		};
		816AA8D02B7CECA30062FC40 /* Release */ = {
			isa = XCBuildConfiguration;
			buildSettings = {
				ASSETCATALOG_COMPILER_APPICON_NAME = AppIcon;
				ASSETCATALOG_COMPILER_GLOBAL_ACCENT_COLOR_NAME = AccentColor;
				CODE_SIGN_STYLE = Automatic;
				CURRENT_PROJECT_VERSION = 1;
				DEVELOPMENT_TEAM = 4CJW76Y9FL;
				GENERATE_INFOPLIST_FILE = YES;
				INFOPLIST_FILE = "White-Label-Demo copy-Info.plist";
				INFOPLIST_KEY_CFBundleDisplayName = Yellow;
				INFOPLIST_KEY_UIApplicationSupportsIndirectInputEvents = YES;
				INFOPLIST_KEY_UILaunchStoryboardName = LaunchScreen;
				INFOPLIST_KEY_UIMainStoryboardFile = Main;
				INFOPLIST_KEY_UISupportedInterfaceOrientations_iPad = "UIInterfaceOrientationPortrait UIInterfaceOrientationPortraitUpsideDown UIInterfaceOrientationLandscapeLeft UIInterfaceOrientationLandscapeRight";
				INFOPLIST_KEY_UISupportedInterfaceOrientations_iPhone = "UIInterfaceOrientationPortrait UIInterfaceOrientationLandscapeLeft UIInterfaceOrientationLandscapeRight";
				LD_RUNPATH_SEARCH_PATHS = (
					"$(inherited)",
					"@executable_path/Frameworks",
				);
				MARKETING_VERSION = 20.0;
				PRODUCT_BUNDLE_IDENTIFIER = Sahil.Amrut.Agashe.com.Yellow;
				PRODUCT_NAME = "$(TARGET_NAME)";
				SWIFT_EMIT_LOC_STRINGS = YES;
				SWIFT_VERSION = 5.0;
				TARGETED_DEVICE_FAMILY = "1,2";
			};
			name = Release;
		};
/* End XCBuildConfiguration section */

/* Begin XCConfigurationList section */
		816AA8A82B7CEC120062FC40 /* Build configuration list for PBXProject "White-Label-Demo" */ = {
			isa = XCConfigurationList;
			buildConfigurations = (
				816AA8BF2B7CEC130062FC40 /* Debug */,
				816AA8C02B7CEC130062FC40 /* Release */,
			);
			defaultConfigurationIsVisible = 0;
			defaultConfigurationName = Release;
		};
		816AA8C12B7CEC130062FC40 /* Build configuration list for PBXNativeTarget "Cyan" */ = {
			isa = XCConfigurationList;
			buildConfigurations = (
				816AA8C22B7CEC130062FC40 /* Debug */,
				816AA8C32B7CEC130062FC40 /* Release */,
			);
			defaultConfigurationIsVisible = 0;
			defaultConfigurationName = Release;
		};
		816AA8CE2B7CECA30062FC40 /* Build configuration list for PBXNativeTarget "Yellow" */ = {
			isa = XCConfigurationList;
			buildConfigurations = (
				816AA8CF2B7CECA30062FC40 /* Debug */,
				816AA8D02B7CECA30062FC40 /* Release */,
			);
			defaultConfigurationIsVisible = 0;
			defaultConfigurationName = Release;
		};
/* End XCConfigurationList section */
	};
	rootObject = 816AA8A52B7CEC120062FC40 /* Project object */;
}
